
Microsoft Visual Studio Solution File, Format Version 12.00
# Visual Studio Version 17
VisualStudioVersion = 17.5.33530.505
MinimumVisualStudioVersion = 10.0.40219.1
Project("{FAE04EC0-301F-11D3-BF4B-00C04F79EFBC}") = "WpfApp1", "WpfApp1\WpfApp1.csproj", "{37074F62-2164-48AB-9320-F79096AA02E0}"
EndProject
Global
	GlobalSection(SolutionConfigurationPlatforms) = preSolution
		Debug|Any CPU = Debug|Any CPU
		Release|Any CPU = Release|Any CPU
	EndGlobalSection
	GlobalSection(ProjectConfigurationPlatforms) = postSolution
		{37074F62-2164-48AB-9320-F79096AA02E0}.Debug|Any CPU.ActiveCfg = Debug|Any CPU
		{37074F62-2164-48AB-9320-F79096AA02E0}.Debug|Any CPU.Build.0 = Debug|Any CPU
		{37074F62-2164-48AB-9320-F79096AA02E0}.Release|Any CPU.ActiveCfg = Release|Any CPU
		{37074F62-2164-48AB-9320-F79096AA02E0}.Release|Any CPU.Build.0 = Release|Any CPU
	EndGlobalSection
	GlobalSection(SolutionProperties) = preSolution
		HideSolutionNode = FALSE
	EndGlobalSection
	GlobalSection(ExtensibilityGlobals) = postSolution
		SolutionGuid = {C0FC9C20-BA9A-4140-8482-FB93321A3422}
	EndGlobalSection
EndGlobal
